// !$*UTF8*$!
{
	archiveVersion = 1;
	classes = {
	};
	objectVersion = 56;
	objects = {

/* Begin PBXBuildFile section */
		1EDAEBC62C6742E10026A3DE /* pokemon09App.swift in Sources */ = {isa = PBXBuildFile; fileRef = 1EDAEBC52C6742E10026A3DE /* pokemon09App.swift */; };
		1EDAEBC82C6742E10026A3DE /* ContentView.swift in Sources */ = {isa = PBXBuildFile; fileRef = 1EDAEBC72C6742E10026A3DE /* ContentView.swift */; };
		1EDAEBCA2C6742E20026A3DE /* Assets.xcassets in Resources */ = {isa = PBXBuildFile; fileRef = 1EDAEBC92C6742E20026A3DE /* Assets.xcassets */; };
		1EDAEBCE2C6742E20026A3DE /* Preview Assets.xcassets in Resources */ = {isa = PBXBuildFile; fileRef = 1EDAEBCD2C6742E20026A3DE /* Preview Assets.xcassets */; };
		1EDAEBD72C6743920026A3DE /* Pokemon.swift in Sources */ = {isa = PBXBuildFile; fileRef = 1EDAEBD62C6743920026A3DE /* Pokemon.swift */; };
		1EDAEBDA2C67447A0026A3DE /* Kingfisher in Frameworks */ = {isa = PBXBuildFile; productRef = 1EDAEBD92C67447A0026A3DE /* Kingfisher */; };
		1EDAEBDD2C67454A0026A3DE /* PokemonViewModel.swift in Sources */ = {isa = PBXBuildFile; fileRef = 1EDAEBDC2C67454A0026A3DE /* PokemonViewModel.swift */; };
		1EDAEBE02C6756940026A3DE /* PokeCell.swift in Sources */ = {isa = PBXBuildFile; fileRef = 1EDAEBDF2C6756940026A3DE /* PokeCell.swift */; };
		1EDAEBE22C675B5B0026A3DE /* PokemonGridView.swift in Sources */ = {isa = PBXBuildFile; fileRef = 1EDAEBE12C675B5B0026A3DE /* PokemonGridView.swift */; };
		1EDAEBE42C675CEE0026A3DE /* PokemonDetailView.swift in Sources */ = {isa = PBXBuildFile; fileRef = 1EDAEBE32C675CEE0026A3DE /* PokemonDetailView.swift */; };
/* End PBXBuildFile section */

/* Begin PBXFileReference section */
		1EDAEBC22C6742E10026A3DE /* pokemon09.app */ = {isa = PBXFileReference; explicitFileType = wrapper.application; includeInIndex = 0; path = pokemon09.app; sourceTree = BUILT_PRODUCTS_DIR; };
		1EDAEBC52C6742E10026A3DE /* pokemon09App.swift */ = {isa = PBXFileReference; lastKnownFileType = sourcecode.swift; path = pokemon09App.swift; sourceTree = "<group>"; };
		1EDAEBC72C6742E10026A3DE /* ContentView.swift */ = {isa = PBXFileReference; lastKnownFileType = sourcecode.swift; path = ContentView.swift; sourceTree = "<group>"; };
		1EDAEBC92C6742E20026A3DE /* Assets.xcassets */ = {isa = PBXFileReference; lastKnownFileType = folder.assetcatalog; path = Assets.xcassets; sourceTree = "<group>"; };
		1EDAEBCB2C6742E20026A3DE /* pokemon09.entitlements */ = {isa = PBXFileReference; lastKnownFileType = text.plist.entitlements; path = pokemon09.entitlements; sourceTree = "<group>"; };
		1EDAEBCD2C6742E20026A3DE /* Preview Assets.xcassets */ = {isa = PBXFileReference; lastKnownFileType = folder.assetcatalog; path = "Preview Assets.xcassets"; sourceTree = "<group>"; };
		1EDAEBD62C6743920026A3DE /* Pokemon.swift */ = {isa = PBXFileReference; lastKnownFileType = sourcecode.swift; path = Pokemon.swift; sourceTree = "<group>"; };
		1EDAEBDB2C6745140026A3DE /* Info.plist */ = {isa = PBXFileReference; lastKnownFileType = text.plist; path = Info.plist; sourceTree = "<group>"; };
		1EDAEBDC2C67454A0026A3DE /* PokemonViewModel.swift */ = {isa = PBXFileReference; lastKnownFileType = sourcecode.swift; path = PokemonViewModel.swift; sourceTree = "<group>"; };
		1EDAEBDF2C6756940026A3DE /* PokeCell.swift */ = {isa = PBXFileReference; lastKnownFileType = sourcecode.swift; path = PokeCell.swift; sourceTree = "<group>"; };
		1EDAEBE12C675B5B0026A3DE /* PokemonGridView.swift */ = {isa = PBXFileReference; lastKnownFileType = sourcecode.swift; path = PokemonGridView.swift; sourceTree = "<group>"; };
		1EDAEBE32C675CEE0026A3DE /* PokemonDetailView.swift */ = {isa = PBXFileReference; lastKnownFileType = sourcecode.swift; path = PokemonDetailView.swift; sourceTree = "<group>"; };
/* End PBXFileReference section */

/* Begin PBXFrameworksBuildPhase section */
		1EDAEBBF2C6742E10026A3DE /* Frameworks */ = {
			isa = PBXFrameworksBuildPhase;
			buildActionMask = 2147483647;
			files = (
				1EDAEBDA2C67447A0026A3DE /* Kingfisher in Frameworks */,
			);
			runOnlyForDeploymentPostprocessing = 0;
		};
/* End PBXFrameworksBuildPhase section */

/* Begin PBXGroup section */
		1EDAEBB92C6742E10026A3DE = {
			isa = PBXGroup;
			children = (
				1EDAEBC42C6742E10026A3DE /* pokemon09 */,
				1EDAEBC32C6742E10026A3DE /* Products */,
			);
			sourceTree = "<group>";
		};
		1EDAEBC32C6742E10026A3DE /* Products */ = {
			isa = PBXGroup;
			children = (
				1EDAEBC22C6742E10026A3DE /* pokemon09.app */,
			);
			name = Products;
			sourceTree = "<group>";
		};
		1EDAEBC42C6742E10026A3DE /* pokemon09 */ = {
			isa = PBXGroup;
			children = (
				1EDAEBDE2C6756790026A3DE /* View */,
				1EDAEBDB2C6745140026A3DE /* Info.plist */,
				1EDAEBD52C67437E0026A3DE /* ViewModel */,
				1EDAEBD42C6743770026A3DE /* Model */,
				1EDAEBC52C6742E10026A3DE /* pokemon09App.swift */,
				1EDAEBC72C6742E10026A3DE /* ContentView.swift */,
				1EDAEBC92C6742E20026A3DE /* Assets.xcassets */,
				1EDAEBCB2C6742E20026A3DE /* pokemon09.entitlements */,
				1EDAEBCC2C6742E20026A3DE /* Preview Content */,
			);
			path = pokemon09;
			sourceTree = "<group>";
		};
		1EDAEBCC2C6742E20026A3DE /* Preview Content */ = {
			isa = PBXGroup;
			children = (
				1EDAEBCD2C6742E20026A3DE /* Preview Assets.xcassets */,
			);
			path = "Preview Content";
			sourceTree = "<group>";
		};
		1EDAEBD42C6743770026A3DE /* Model */ = {
			isa = PBXGroup;
			children = (
				1EDAEBD62C6743920026A3DE /* Pokemon.swift */,
			);
			path = Model;
			sourceTree = "<group>";
		};
		1EDAEBD52C67437E0026A3DE /* ViewModel */ = {
			isa = PBXGroup;
			children = (
				1EDAEBDC2C67454A0026A3DE /* PokemonViewModel.swift */,
			);
			path = ViewModel;
			sourceTree = "<group>";
		};
		1EDAEBDE2C6756790026A3DE /* View */ = {
			isa = PBXGroup;
			children = (
				1EDAEBDF2C6756940026A3DE /* PokeCell.swift */,
				1EDAEBE12C675B5B0026A3DE /* PokemonGridView.swift */,
				1EDAEBE32C675CEE0026A3DE /* PokemonDetailView.swift */,
			);
			path = View;
			sourceTree = "<group>";
		};
/* End PBXGroup section */

/* Begin PBXNativeTarget section */
		1EDAEBC12C6742E10026A3DE /* pokemon09 */ = {
			isa = PBXNativeTarget;
			buildConfigurationList = 1EDAEBD12C6742E20026A3DE /* Build configuration list for PBXNativeTarget "pokemon09" */;
			buildPhases = (
				1EDAEBBE2C6742E10026A3DE /* Sources */,
				1EDAEBBF2C6742E10026A3DE /* Frameworks */,
				1EDAEBC02C6742E10026A3DE /* Resources */,
			);
			buildRules = (
			);
			dependencies = (
			);
			name = pokemon09;
			packageProductDependencies = (
				1EDAEBD92C67447A0026A3DE /* Kingfisher */,
			);
			productName = pokemon09;
			productReference = 1EDAEBC22C6742E10026A3DE /* pokemon09.app */;
			productType = "com.apple.product-type.application";
		};
/* End PBXNativeTarget section */

/* Begin PBXProject section */
		1EDAEBBA2C6742E10026A3DE /* Project object */ = {
			isa = PBXProject;
			attributes = {
				BuildIndependentTargetsInParallel = 1;
				LastSwiftUpdateCheck = 1520;
				LastUpgradeCheck = 1520;
				TargetAttributes = {
					1EDAEBC12C6742E10026A3DE = {
						CreatedOnToolsVersion = 15.2;
					};
				};
			};
			buildConfigurationList = 1EDAEBBD2C6742E10026A3DE /* Build configuration list for PBXProject "pokemon09" */;
			compatibilityVersion = "Xcode 14.0";
			developmentRegion = en;
			hasScannedForEncodings = 0;
			knownRegions = (
				en,
				Base,
			);
			mainGroup = 1EDAEBB92C6742E10026A3DE;
			packageReferences = (
				1EDAEBD82C67447A0026A3DE /* XCRemoteSwiftPackageReference "Kingfisher" */,
			);
			productRefGroup = 1EDAEBC32C6742E10026A3DE /* Products */;
			projectDirPath = "";
			projectRoot = "";
			targets = (
				1EDAEBC12C6742E10026A3DE /* pokemon09 */,
			);
		};
/* End PBXProject section */

/* Begin PBXResourcesBuildPhase section */
		1EDAEBC02C6742E10026A3DE /* Resources */ = {
			isa = PBXResourcesBuildPhase;
			buildActionMask = 2147483647;
			files = (
				1EDAEBCE2C6742E20026A3DE /* Preview Assets.xcassets in Resources */,
				1EDAEBCA2C6742E20026A3DE /* Assets.xcassets in Resources */,
			);
			runOnlyForDeploymentPostprocessing = 0;
		};
/* End PBXResourcesBuildPhase section */

/* Begin PBXSourcesBuildPhase section */
		1EDAEBBE2C6742E10026A3DE /* Sources */ = {
			isa = PBXSourcesBuildPhase;
			buildActionMask = 2147483647;
			files = (
				1EDAEBC82C6742E10026A3DE /* ContentView.swift in Sources */,
				1EDAEBC62C6742E10026A3DE /* pokemon09App.swift in Sources */,
				1EDAEBE22C675B5B0026A3DE /* PokemonGridView.swift in Sources */,
				1EDAEBDD2C67454A0026A3DE /* PokemonViewModel.swift in Sources */,
				1EDAEBD72C6743920026A3DE /* Pokemon.swift in Sources */,
				1EDAEBE42C675CEE0026A3DE /* PokemonDetailView.swift in Sources */,
				1EDAEBE02C6756940026A3DE /* PokeCell.swift in Sources */,
			);
			runOnlyForDeploymentPostprocessing = 0;
		};
/* End PBXSourcesBuildPhase section */

/* Begin XCBuildConfiguration section */
		1EDAEBCF2C6742E20026A3DE /* Debug */ = {
			isa = XCBuildConfiguration;
			buildSettings = {
				ALWAYS_SEARCH_USER_PATHS = NO;
				ASSETCATALOG_COMPILER_GENERATE_SWIFT_ASSET_SYMBOL_EXTENSIONS = YES;
				CLANG_ANALYZER_NONNULL = YES;
				CLANG_ANALYZER_NUMBER_OBJECT_CONVERSION = YES_AGGRESSIVE;
				CLANG_CXX_LANGUAGE_STANDARD = "gnu++20";
				CLANG_ENABLE_MODULES = YES;
				CLANG_ENABLE_OBJC_ARC = YES;
				CLANG_ENABLE_OBJC_WEAK = YES;
				CLANG_WARN_BLOCK_CAPTURE_AUTORELEASING = YES;
				CLANG_WARN_BOOL_CONVERSION = YES;
				CLANG_WARN_COMMA = YES;
				CLANG_WARN_CONSTANT_CONVERSION = YES;
				CLANG_WARN_DEPRECATED_OBJC_IMPLEMENTATIONS = YES;
				CLANG_WARN_DIRECT_OBJC_ISA_USAGE = YES_ERROR;
				CLANG_WARN_DOCUMENTATION_COMMENTS = YES;
				CLANG_WARN_EMPTY_BODY = YES;
				CLANG_WARN_ENUM_CONVERSION = YES;
				CLANG_WARN_INFINITE_RECURSION = YES;
				CLANG_WARN_INT_CONVERSION = YES;
				CLANG_WARN_NON_LITERAL_NULL_CONVERSION = YES;
				CLANG_WARN_OBJC_IMPLICIT_RETAIN_SELF = YES;
				CLANG_WARN_OBJC_LITERAL_CONVERSION = YES;
				CLANG_WARN_OBJC_ROOT_CLASS = YES_ERROR;
				CLANG_WARN_QUOTED_INCLUDE_IN_FRAMEWORK_HEADER = YES;
				CLANG_WARN_RANGE_LOOP_ANALYSIS = YES;
				CLANG_WARN_STRICT_PROTOTYPES = YES;
				CLANG_WARN_SUSPICIOUS_MOVE = YES;
				CLANG_WARN_UNGUARDED_AVAILABILITY = YES_AGGRESSIVE;
				CLANG_WARN_UNREACHABLE_CODE = YES;
				CLANG_WARN__DUPLICATE_METHOD_MATCH = YES;
				COPY_PHASE_STRIP = NO;
				DEBUG_INFORMATION_FORMAT = dwarf;
				ENABLE_STRICT_OBJC_MSGSEND = YES;
				ENABLE_TESTABILITY = YES;
				ENABLE_USER_SCRIPT_SANDBOXING = YES;
				GCC_C_LANGUAGE_STANDARD = gnu17;
				GCC_DYNAMIC_NO_PIC = NO;
				GCC_NO_COMMON_BLOCKS = YES;
				GCC_OPTIMIZATION_LEVEL = 0;
				GCC_PREPROCESSOR_DEFINITIONS = (
					"DEBUG=1",
					"$(inherited)",
				);
				GCC_WARN_64_TO_32_BIT_CONVERSION = YES;
				GCC_WARN_ABOUT_RETURN_TYPE = YES_ERROR;
				GCC_WARN_UNDECLARED_SELECTOR = YES;
				GCC_WARN_UNINITIALIZED_AUTOS = YES_AGGRESSIVE;
				GCC_WARN_UNUSED_FUNCTION = YES;
				GCC_WARN_UNUSED_VARIABLE = YES;
				LOCALIZATION_PREFERS_STRING_CATALOGS = YES;
				MTL_ENABLE_DEBUG_INFO = INCLUDE_SOURCE;
				MTL_FAST_MATH = YES;
				ONLY_ACTIVE_ARCH = YES;
				SWIFT_ACTIVE_COMPILATION_CONDITIONS = "DEBUG $(inherited)";
				SWIFT_OPTIMIZATION_LEVEL = "-Onone";
			};
			name = Debug;
		};
		1EDAEBD02C6742E20026A3DE /* Release */ = {
			isa = XCBuildConfiguration;
			buildSettings = {
				ALWAYS_SEARCH_USER_PATHS = NO;
				ASSETCATALOG_COMPILER_GENERATE_SWIFT_ASSET_SYMBOL_EXTENSIONS = YES;
				CLANG_ANALYZER_NONNULL = YES;
				CLANG_ANALYZER_NUMBER_OBJECT_CONVERSION = YES_AGGRESSIVE;
				CLANG_CXX_LANGUAGE_STANDARD = "gnu++20";
				CLANG_ENABLE_MODULES = YES;
				CLANG_ENABLE_OBJC_ARC = YES;
				CLANG_ENABLE_OBJC_WEAK = YES;
				CLANG_WARN_BLOCK_CAPTURE_AUTORELEASING = YES;
				CLANG_WARN_BOOL_CONVERSION = YES;
				CLANG_WARN_COMMA = YES;
				CLANG_WARN_CONSTANT_CONVERSION = YES;
				CLANG_WARN_DEPRECATED_OBJC_IMPLEMENTATIONS = YES;
				CLANG_WARN_DIRECT_OBJC_ISA_USAGE = YES_ERROR;
				CLANG_WARN_DOCUMENTATION_COMMENTS = YES;
				CLANG_WARN_EMPTY_BODY = YES;
				CLANG_WARN_ENUM_CONVERSION = YES;
				CLANG_WARN_INFINITE_RECURSION = YES;
				CLANG_WARN_INT_CONVERSION = YES;
				CLANG_WARN_NON_LITERAL_NULL_CONVERSION = YES;
				CLANG_WARN_OBJC_IMPLICIT_RETAIN_SELF = YES;
				CLANG_WARN_OBJC_LITERAL_CONVERSION = YES;
				CLANG_WARN_OBJC_ROOT_CLASS = YES_ERROR;
				CLANG_WARN_QUOTED_INCLUDE_IN_FRAMEWORK_HEADER = YES;
				CLANG_WARN_RANGE_LOOP_ANALYSIS = YES;
				CLANG_WARN_STRICT_PROTOTYPES = YES;
				CLANG_WARN_SUSPICIOUS_MOVE = YES;
				CLANG_WARN_UNGUARDED_AVAILABILITY = YES_AGGRESSIVE;
				CLANG_WARN_UNREACHABLE_CODE = YES;
				CLANG_WARN__DUPLICATE_METHOD_MATCH = YES;
				COPY_PHASE_STRIP = NO;
				DEBUG_INFORMATION_FORMAT = "dwarf-with-dsym";
				ENABLE_NS_ASSERTIONS = NO;
				ENABLE_STRICT_OBJC_MSGSEND = YES;
				ENABLE_USER_SCRIPT_SANDBOXING = YES;
				GCC_C_LANGUAGE_STANDARD = gnu17;
				GCC_NO_COMMON_BLOCKS = YES;
				GCC_WARN_64_TO_32_BIT_CONVERSION = YES;
				GCC_WARN_ABOUT_RETURN_TYPE = YES_ERROR;
				GCC_WARN_UNDECLARED_SELECTOR = YES;
				GCC_WARN_UNINITIALIZED_AUTOS = YES_AGGRESSIVE;
				GCC_WARN_UNUSED_FUNCTION = YES;
				GCC_WARN_UNUSED_VARIABLE = YES;
				LOCALIZATION_PREFERS_STRING_CATALOGS = YES;
				MTL_ENABLE_DEBUG_INFO = NO;
				MTL_FAST_MATH = YES;
				SWIFT_COMPILATION_MODE = wholemodule;
			};
			name = Release;
		};
		1EDAEBD22C6742E20026A3DE /* Debug */ = {
			isa = XCBuildConfiguration;
			buildSettings = {
				ASSETCATALOG_COMPILER_APPICON_NAME = AppIcon;
				ASSETCATALOG_COMPILER_GLOBAL_ACCENT_COLOR_NAME = AccentColor;
				CODE_SIGN_ENTITLEMENTS = pokemon09/pokemon09.entitlements;
				CODE_SIGN_STYLE = Automatic;
				CURRENT_PROJECT_VERSION = 1;
				DEVELOPMENT_ASSET_PATHS = "\"pokemon09/Preview Content\"";
				DEVELOPMENT_TEAM = MW85GH7AJX;
				ENABLE_HARDENED_RUNTIME = YES;
				ENABLE_PREVIEWS = YES;
				GENERATE_INFOPLIST_FILE = YES;
				INFOPLIST_FILE = pokemon09/Info.plist;
				"INFOPLIST_KEY_UIApplicationSceneManifest_Generation[sdk=iphoneos*]" = YES;
				"INFOPLIST_KEY_UIApplicationSceneManifest_Generation[sdk=iphonesimulator*]" = YES;
				"INFOPLIST_KEY_UIApplicationSupportsIndirectInputEvents[sdk=iphoneos*]" = YES;
				"INFOPLIST_KEY_UIApplicationSupportsIndirectInputEvents[sdk=iphonesimulator*]" = YES;
				"INFOPLIST_KEY_UILaunchScreen_Generation[sdk=iphoneos*]" = YES;
				"INFOPLIST_KEY_UILaunchScreen_Generation[sdk=iphonesimulator*]" = YES;
				"INFOPLIST_KEY_UIStatusBarStyle[sdk=iphoneos*]" = UIStatusBarStyleDefault;
				"INFOPLIST_KEY_UIStatusBarStyle[sdk=iphonesimulator*]" = UIStatusBarStyleDefault;
				INFOPLIST_KEY_UISupportedInterfaceOrientations_iPad = "UIInterfaceOrientationPortrait UIInterfaceOrientationPortraitUpsideDown UIInterfaceOrientationLandscapeLeft UIInterfaceOrientationLandscapeRight";
				INFOPLIST_KEY_UISupportedInterfaceOrientations_iPhone = "UIInterfaceOrientationPortrait UIInterfaceOrientationLandscapeLeft UIInterfaceOrientationLandscapeRight";
				IPHONEOS_DEPLOYMENT_TARGET = 17.2;
				LD_RUNPATH_SEARCH_PATHS = "@executable_path/Frameworks";
				"LD_RUNPATH_SEARCH_PATHS[sdk=macosx*]" = "@executable_path/../Frameworks";
				MACOSX_DEPLOYMENT_TARGET = 14.2;
				MARKETING_VERSION = 1.0;
				PRODUCT_BUNDLE_IDENTIFIER = com.test.example.com.pokemon09;
				PRODUCT_NAME = "$(TARGET_NAME)";
				SDKROOT = auto;
				SUPPORTED_PLATFORMS = "iphoneos iphonesimulator macosx";
				SWIFT_EMIT_LOC_STRINGS = YES;
				SWIFT_VERSION = 5.0;
				TARGETED_DEVICE_FAMILY = "1,2";
			};
			name = Debug;
		};
		1EDAEBD32C6742E20026A3DE /* Release */ = {
			isa = XCBuildConfiguration;
			buildSettings = {
				ASSETCATALOG_COMPILER_APPICON_NAME = AppIcon;
				ASSETCATALOG_COMPILER_GLOBAL_ACCENT_COLOR_NAME = AccentColor;
				CODE_SIGN_ENTITLEMENTS = pokemon09/pokemon09.entitlements;
				CODE_SIGN_STYLE = Automatic;
				CURRENT_PROJECT_VERSION = 1;
				DEVELOPMENT_ASSET_PATHS = "\"pokemon09/Preview Content\"";
				DEVELOPMENT_TEAM = MW85GH7AJX;
				ENABLE_HARDENED_RUNTIME = YES;
				ENABLE_PREVIEWS = YES;
				GENERATE_INFOPLIST_FILE = YES;
				INFOPLIST_FILE = pokemon09/Info.plist;
				"INFOPLIST_KEY_UIApplicationSceneManifest_Generation[sdk=iphoneos*]" = YES;
				"INFOPLIST_KEY_UIApplicationSceneManifest_Generation[sdk=iphonesimulator*]" = YES;
				"INFOPLIST_KEY_UIApplicationSupportsIndirectInputEvents[sdk=iphoneos*]" = YES;
				"INFOPLIST_KEY_UIApplicationSupportsIndirectInputEvents[sdk=iphonesimulator*]" = YES;
				"INFOPLIST_KEY_UILaunchScreen_Generation[sdk=iphoneos*]" = YES;
				"INFOPLIST_KEY_UILaunchScreen_Generation[sdk=iphonesimulator*]" = YES;
				"INFOPLIST_KEY_UIStatusBarStyle[sdk=iphoneos*]" = UIStatusBarStyleDefault;
				"INFOPLIST_KEY_UIStatusBarStyle[sdk=iphonesimulator*]" = UIStatusBarStyleDefault;
				INFOPLIST_KEY_UISupportedInterfaceOrientations_iPad = "UIInterfaceOrientationPortrait UIInterfaceOrientationPortraitUpsideDown UIInterfaceOrientationLandscapeLeft UIInterfaceOrientationLandscapeRight";
				INFOPLIST_KEY_UISupportedInterfaceOrientations_iPhone = "UIInterfaceOrientationPortrait UIInterfaceOrientationLandscapeLeft UIInterfaceOrientationLandscapeRight";
				IPHONEOS_DEPLOYMENT_TARGET = 17.2;
				LD_RUNPATH_SEARCH_PATHS = "@executable_path/Frameworks";
				"LD_RUNPATH_SEARCH_PATHS[sdk=macosx*]" = "@executable_path/../Frameworks";
				MACOSX_DEPLOYMENT_TARGET = 14.2;
				MARKETING_VERSION = 1.0;
				PRODUCT_BUNDLE_IDENTIFIER = com.test.example.com.pokemon09;
				PRODUCT_NAME = "$(TARGET_NAME)";
				SDKROOT = auto;
				SUPPORTED_PLATFORMS = "iphoneos iphonesimulator macosx";
				SWIFT_EMIT_LOC_STRINGS = YES;
				SWIFT_VERSION = 5.0;
				TARGETED_DEVICE_FAMILY = "1,2";
			};
			name = Release;
		};
/* End XCBuildConfiguration section */

/* Begin XCConfigurationList section */
		1EDAEBBD2C6742E10026A3DE /* Build configuration list for PBXProject "pokemon09" */ = {
			isa = XCConfigurationList;
			buildConfigurations = (
				1EDAEBCF2C6742E20026A3DE /* Debug */,
				1EDAEBD02C6742E20026A3DE /* Release */,
			);
			defaultConfigurationIsVisible = 0;
			defaultConfigurationName = Release;
		};
		1EDAEBD12C6742E20026A3DE /* Build configuration list for PBXNativeTarget "pokemon09" */ = {
			isa = XCConfigurationList;
			buildConfigurations = (
				1EDAEBD22C6742E20026A3DE /* Debug */,
				1EDAEBD32C6742E20026A3DE /* Release */,
			);
			defaultConfigurationIsVisible = 0;
			defaultConfigurationName = Release;
		};
/* End XCConfigurationList section */

/* Begin XCRemoteSwiftPackageReference section */
		1EDAEBD82C67447A0026A3DE /* XCRemoteSwiftPackageReference "Kingfisher" */ = {
			isa = XCRemoteSwiftPackageReference;
			repositoryURL = "https://github.com/onevcat/Kingfisher";
			requirement = {
				kind = upToNextMajorVersion;
				minimumVersion = 7.12.0;
			};
		};
/* End XCRemoteSwiftPackageReference section */

/* Begin XCSwiftPackageProductDependency section */
		1EDAEBD92C67447A0026A3DE /* Kingfisher */ = {
			isa = XCSwiftPackageProductDependency;
			package = 1EDAEBD82C67447A0026A3DE /* XCRemoteSwiftPackageReference "Kingfisher" */;
			productName = Kingfisher;
		};
/* End XCSwiftPackageProductDependency section */
	};
	rootObject = 1EDAEBBA2C6742E10026A3DE /* Project object */;
}
