// !$*UTF8*$!
{
	archiveVersion = 1;
	classes = {
	};
	objectVersion = 56;
	objects = {

/* Begin PBXBuildFile section */
		1E543B722C44CDF300D0C8E0 /* shoppingApp.swift in Sources */ = {isa = PBXBuildFile; fileRef = 1E543B712C44CDF300D0C8E0 /* shoppingApp.swift */; };
		1E543B742C44CDF300D0C8E0 /* ContentView.swift in Sources */ = {isa = PBXBuildFile; fileRef = 1E543B732C44CDF300D0C8E0 /* ContentView.swift */; };
		1E543B762C44CDF400D0C8E0 /* Assets.xcassets in Resources */ = {isa = PBXBuildFile; fileRef = 1E543B752C44CDF400D0C8E0 /* Assets.xcassets */; };
		1E543B7A2C44CDF400D0C8E0 /* Preview Assets.xcassets in Resources */ = {isa = PBXBuildFile; fileRef = 1E543B792C44CDF400D0C8E0 /* Preview Assets.xcassets */; };
		1E543B822C44D1EC00D0C8E0 /* SplashScreenView.swift in Sources */ = {isa = PBXBuildFile; fileRef = 1E543B812C44D1EC00D0C8E0 /* SplashScreenView.swift */; };
		1E543B842C44D64E00D0C8E0 /* RoundedButton.swift in Sources */ = {isa = PBXBuildFile; fileRef = 1E543B832C44D64E00D0C8E0 /* RoundedButton.swift */; };
		1E9E99BA2C457758001CBBF9 /* NearYouData.swift in Sources */ = {isa = PBXBuildFile; fileRef = 1E9E99B92C457758001CBBF9 /* NearYouData.swift */; };
		1E9E99BC2C45776D001CBBF9 /* ImageData.swift in Sources */ = {isa = PBXBuildFile; fileRef = 1E9E99BB2C45776D001CBBF9 /* ImageData.swift */; };
		1E9E99BE2C4578B8001CBBF9 /* FruitCardView.swift in Sources */ = {isa = PBXBuildFile; fileRef = 1E9E99BD2C4578B8001CBBF9 /* FruitCardView.swift */; };
		1E9E99C02C457F63001CBBF9 /* DetailView.swift in Sources */ = {isa = PBXBuildFile; fileRef = 1E9E99BF2C457F63001CBBF9 /* DetailView.swift */; };
		1E9E99C22C457F92001CBBF9 /* TopSellingView.swift in Sources */ = {isa = PBXBuildFile; fileRef = 1E9E99C12C457F92001CBBF9 /* TopSellingView.swift */; };
		1E9E99C42C4583DC001CBBF9 /* NearYouView.swift in Sources */ = {isa = PBXBuildFile; fileRef = 1E9E99C32C4583DC001CBBF9 /* NearYouView.swift */; };
		1E9E99C62C4592EB001CBBF9 /* CounterView.swift in Sources */ = {isa = PBXBuildFile; fileRef = 1E9E99C52C4592EB001CBBF9 /* CounterView.swift */; };
		1E9E99C82C4598D4001CBBF9 /* HomeScreenView.swift in Sources */ = {isa = PBXBuildFile; fileRef = 1E9E99C72C4598D4001CBBF9 /* HomeScreenView.swift */; };
/* End PBXBuildFile section */

/* Begin PBXFileReference section */
		1E543B6E2C44CDF300D0C8E0 /* shopping.app */ = {isa = PBXFileReference; explicitFileType = wrapper.application; includeInIndex = 0; path = shopping.app; sourceTree = BUILT_PRODUCTS_DIR; };
		1E543B712C44CDF300D0C8E0 /* shoppingApp.swift */ = {isa = PBXFileReference; lastKnownFileType = sourcecode.swift; path = shoppingApp.swift; sourceTree = "<group>"; };
		1E543B732C44CDF300D0C8E0 /* ContentView.swift */ = {isa = PBXFileReference; lastKnownFileType = sourcecode.swift; path = ContentView.swift; sourceTree = "<group>"; };
		1E543B752C44CDF400D0C8E0 /* Assets.xcassets */ = {isa = PBXFileReference; lastKnownFileType = folder.assetcatalog; path = Assets.xcassets; sourceTree = "<group>"; };
		1E543B772C44CDF400D0C8E0 /* shopping.entitlements */ = {isa = PBXFileReference; lastKnownFileType = text.plist.entitlements; path = shopping.entitlements; sourceTree = "<group>"; };
		1E543B792C44CDF400D0C8E0 /* Preview Assets.xcassets */ = {isa = PBXFileReference; lastKnownFileType = folder.assetcatalog; path = "Preview Assets.xcassets"; sourceTree = "<group>"; };
		1E543B812C44D1EC00D0C8E0 /* SplashScreenView.swift */ = {isa = PBXFileReference; lastKnownFileType = sourcecode.swift; path = SplashScreenView.swift; sourceTree = "<group>"; };
		1E543B832C44D64E00D0C8E0 /* RoundedButton.swift */ = {isa = PBXFileReference; lastKnownFileType = sourcecode.swift; path = RoundedButton.swift; sourceTree = "<group>"; };
		1E9E99B92C457758001CBBF9 /* NearYouData.swift */ = {isa = PBXFileReference; lastKnownFileType = sourcecode.swift; path = NearYouData.swift; sourceTree = "<group>"; };
		1E9E99BB2C45776D001CBBF9 /* ImageData.swift */ = {isa = PBXFileReference; lastKnownFileType = sourcecode.swift; path = ImageData.swift; sourceTree = "<group>"; };
		1E9E99BD2C4578B8001CBBF9 /* FruitCardView.swift */ = {isa = PBXFileReference; lastKnownFileType = sourcecode.swift; path = FruitCardView.swift; sourceTree = "<group>"; };
		1E9E99BF2C457F63001CBBF9 /* DetailView.swift */ = {isa = PBXFileReference; lastKnownFileType = sourcecode.swift; path = DetailView.swift; sourceTree = "<group>"; };
		1E9E99C12C457F92001CBBF9 /* TopSellingView.swift */ = {isa = PBXFileReference; lastKnownFileType = sourcecode.swift; path = TopSellingView.swift; sourceTree = "<group>"; };
		1E9E99C32C4583DC001CBBF9 /* NearYouView.swift */ = {isa = PBXFileReference; lastKnownFileType = sourcecode.swift; path = NearYouView.swift; sourceTree = "<group>"; };
		1E9E99C52C4592EB001CBBF9 /* CounterView.swift */ = {isa = PBXFileReference; lastKnownFileType = sourcecode.swift; path = CounterView.swift; sourceTree = "<group>"; };
		1E9E99C72C4598D4001CBBF9 /* HomeScreenView.swift */ = {isa = PBXFileReference; lastKnownFileType = sourcecode.swift; path = HomeScreenView.swift; sourceTree = "<group>"; };
/* End PBXFileReference section */

/* Begin PBXFrameworksBuildPhase section */
		1E543B6B2C44CDF300D0C8E0 /* Frameworks */ = {
			isa = PBXFrameworksBuildPhase;
			buildActionMask = 2147483647;
			files = (
			);
			runOnlyForDeploymentPostprocessing = 0;
		};
/* End PBXFrameworksBuildPhase section */

/* Begin PBXGroup section */
		1E543B652C44CDF300D0C8E0 = {
			isa = PBXGroup;
			children = (
				1E543B702C44CDF300D0C8E0 /* shopping */,
				1E543B6F2C44CDF300D0C8E0 /* Products */,
			);
			sourceTree = "<group>";
		};
		1E543B6F2C44CDF300D0C8E0 /* Products */ = {
			isa = PBXGroup;
			children = (
				1E543B6E2C44CDF300D0C8E0 /* shopping.app */,
			);
			name = Products;
			sourceTree = "<group>";
		};
		1E543B702C44CDF300D0C8E0 /* shopping */ = {
			isa = PBXGroup;
			children = (
				1E9E99B82C45771F001CBBF9 /* Model */,
				1E543B802C44D1DA00D0C8E0 /* Views */,
				1E543B712C44CDF300D0C8E0 /* shoppingApp.swift */,
				1E543B732C44CDF300D0C8E0 /* ContentView.swift */,
				1E543B752C44CDF400D0C8E0 /* Assets.xcassets */,
				1E543B772C44CDF400D0C8E0 /* shopping.entitlements */,
				1E543B782C44CDF400D0C8E0 /* Preview Content */,
			);
			path = shopping;
			sourceTree = "<group>";
		};
		1E543B782C44CDF400D0C8E0 /* Preview Content */ = {
			isa = PBXGroup;
			children = (
				1E543B792C44CDF400D0C8E0 /* Preview Assets.xcassets */,
			);
			path = "Preview Content";
			sourceTree = "<group>";
		};
		1E543B802C44D1DA00D0C8E0 /* Views */ = {
			isa = PBXGroup;
			children = (
				1E543B812C44D1EC00D0C8E0 /* SplashScreenView.swift */,
				1E543B832C44D64E00D0C8E0 /* RoundedButton.swift */,
				1E9E99BD2C4578B8001CBBF9 /* FruitCardView.swift */,
				1E9E99BF2C457F63001CBBF9 /* DetailView.swift */,
				1E9E99C12C457F92001CBBF9 /* TopSellingView.swift */,
				1E9E99C32C4583DC001CBBF9 /* NearYouView.swift */,
				1E9E99C52C4592EB001CBBF9 /* CounterView.swift */,
				1E9E99C72C4598D4001CBBF9 /* HomeScreenView.swift */,
			);
			path = Views;
			sourceTree = "<group>";
		};
		1E9E99B82C45771F001CBBF9 /* Model */ = {
			isa = PBXGroup;
			children = (
				1E9E99B92C457758001CBBF9 /* NearYouData.swift */,
				1E9E99BB2C45776D001CBBF9 /* ImageData.swift */,
			);
			path = Model;
			sourceTree = "<group>";
		};
/* End PBXGroup section */

/* Begin PBXNativeTarget section */
		1E543B6D2C44CDF300D0C8E0 /* shopping */ = {
			isa = PBXNativeTarget;
			buildConfigurationList = 1E543B7D2C44CDF400D0C8E0 /* Build configuration list for PBXNativeTarget "shopping" */;
			buildPhases = (
				1E543B6A2C44CDF300D0C8E0 /* Sources */,
				1E543B6B2C44CDF300D0C8E0 /* Frameworks */,
				1E543B6C2C44CDF300D0C8E0 /* Resources */,
			);
			buildRules = (
			);
			dependencies = (
			);
			name = shopping;
			productName = shopping;
			productReference = 1E543B6E2C44CDF300D0C8E0 /* shopping.app */;
			productType = "com.apple.product-type.application";
		};
/* End PBXNativeTarget section */

/* Begin PBXProject section */
		1E543B662C44CDF300D0C8E0 /* Project object */ = {
			isa = PBXProject;
			attributes = {
				BuildIndependentTargetsInParallel = 1;
				LastSwiftUpdateCheck = 1520;
				LastUpgradeCheck = 1520;
				TargetAttributes = {
					1E543B6D2C44CDF300D0C8E0 = {
						CreatedOnToolsVersion = 15.2;
					};
				};
			};
			buildConfigurationList = 1E543B692C44CDF300D0C8E0 /* Build configuration list for PBXProject "shopping" */;
			compatibilityVersion = "Xcode 14.0";
			developmentRegion = en;
			hasScannedForEncodings = 0;
			knownRegions = (
				en,
				Base,
			);
			mainGroup = 1E543B652C44CDF300D0C8E0;
			productRefGroup = 1E543B6F2C44CDF300D0C8E0 /* Products */;
			projectDirPath = "";
			projectRoot = "";
			targets = (
				1E543B6D2C44CDF300D0C8E0 /* shopping */,
			);
		};
/* End PBXProject section */

/* Begin PBXResourcesBuildPhase section */
		1E543B6C2C44CDF300D0C8E0 /* Resources */ = {
			isa = PBXResourcesBuildPhase;
			buildActionMask = 2147483647;
			files = (
				1E543B7A2C44CDF400D0C8E0 /* Preview Assets.xcassets in Resources */,
				1E543B762C44CDF400D0C8E0 /* Assets.xcassets in Resources */,
			);
			runOnlyForDeploymentPostprocessing = 0;
		};
/* End PBXResourcesBuildPhase section */

/* Begin PBXSourcesBuildPhase section */
		1E543B6A2C44CDF300D0C8E0 /* Sources */ = {
			isa = PBXSourcesBuildPhase;
			buildActionMask = 2147483647;
			files = (
				1E543B742C44CDF300D0C8E0 /* ContentView.swift in Sources */,
				1E9E99C02C457F63001CBBF9 /* DetailView.swift in Sources */,
				1E9E99C22C457F92001CBBF9 /* TopSellingView.swift in Sources */,
				1E9E99C82C4598D4001CBBF9 /* HomeScreenView.swift in Sources */,
				1E543B722C44CDF300D0C8E0 /* shoppingApp.swift in Sources */,
				1E9E99BA2C457758001CBBF9 /* NearYouData.swift in Sources */,
				1E543B822C44D1EC00D0C8E0 /* SplashScreenView.swift in Sources */,
				1E9E99C62C4592EB001CBBF9 /* CounterView.swift in Sources */,
				1E9E99C42C4583DC001CBBF9 /* NearYouView.swift in Sources */,
				1E9E99BE2C4578B8001CBBF9 /* FruitCardView.swift in Sources */,
				1E543B842C44D64E00D0C8E0 /* RoundedButton.swift in Sources */,
				1E9E99BC2C45776D001CBBF9 /* ImageData.swift in Sources */,
			);
			runOnlyForDeploymentPostprocessing = 0;
		};
/* End PBXSourcesBuildPhase section */

/* Begin XCBuildConfiguration section */
		1E543B7B2C44CDF400D0C8E0 /* Debug */ = {
			isa = XCBuildConfiguration;
			buildSettings = {
				ALWAYS_SEARCH_USER_PATHS = NO;
				ASSETCATALOG_COMPILER_GENERATE_SWIFT_ASSET_SYMBOL_EXTENSIONS = YES;
				CLANG_ANALYZER_NONNULL = YES;
				CLANG_ANALYZER_NUMBER_OBJECT_CONVERSION = YES_AGGRESSIVE;
				CLANG_CXX_LANGUAGE_STANDARD = "gnu++20";
				CLANG_ENABLE_MODULES = YES;
				CLANG_ENABLE_OBJC_ARC = YES;
				CLANG_ENABLE_OBJC_WEAK = YES;
				CLANG_WARN_BLOCK_CAPTURE_AUTORELEASING = YES;
				CLANG_WARN_BOOL_CONVERSION = YES;
				CLANG_WARN_COMMA = YES;
				CLANG_WARN_CONSTANT_CONVERSION = YES;
				CLANG_WARN_DEPRECATED_OBJC_IMPLEMENTATIONS = YES;
				CLANG_WARN_DIRECT_OBJC_ISA_USAGE = YES_ERROR;
				CLANG_WARN_DOCUMENTATION_COMMENTS = YES;
				CLANG_WARN_EMPTY_BODY = YES;
				CLANG_WARN_ENUM_CONVERSION = YES;
				CLANG_WARN_INFINITE_RECURSION = YES;
				CLANG_WARN_INT_CONVERSION = YES;
				CLANG_WARN_NON_LITERAL_NULL_CONVERSION = YES;
				CLANG_WARN_OBJC_IMPLICIT_RETAIN_SELF = YES;
				CLANG_WARN_OBJC_LITERAL_CONVERSION = YES;
				CLANG_WARN_OBJC_ROOT_CLASS = YES_ERROR;
				CLANG_WARN_QUOTED_INCLUDE_IN_FRAMEWORK_HEADER = YES;
				CLANG_WARN_RANGE_LOOP_ANALYSIS = YES;
				CLANG_WARN_STRICT_PROTOTYPES = YES;
				CLANG_WARN_SUSPICIOUS_MOVE = YES;
				CLANG_WARN_UNGUARDED_AVAILABILITY = YES_AGGRESSIVE;
				CLANG_WARN_UNREACHABLE_CODE = YES;
				CLANG_WARN__DUPLICATE_METHOD_MATCH = YES;
				COPY_PHASE_STRIP = NO;
				DEBUG_INFORMATION_FORMAT = dwarf;
				ENABLE_STRICT_OBJC_MSGSEND = YES;
				ENABLE_TESTABILITY = YES;
				ENABLE_USER_SCRIPT_SANDBOXING = YES;
				GCC_C_LANGUAGE_STANDARD = gnu17;
				GCC_DYNAMIC_NO_PIC = NO;
				GCC_NO_COMMON_BLOCKS = YES;
				GCC_OPTIMIZATION_LEVEL = 0;
				GCC_PREPROCESSOR_DEFINITIONS = (
					"DEBUG=1",
					"$(inherited)",
				);
				GCC_WARN_64_TO_32_BIT_CONVERSION = YES;
				GCC_WARN_ABOUT_RETURN_TYPE = YES_ERROR;
				GCC_WARN_UNDECLARED_SELECTOR = YES;
				GCC_WARN_UNINITIALIZED_AUTOS = YES_AGGRESSIVE;
				GCC_WARN_UNUSED_FUNCTION = YES;
				GCC_WARN_UNUSED_VARIABLE = YES;
				LOCALIZATION_PREFERS_STRING_CATALOGS = YES;
				MTL_ENABLE_DEBUG_INFO = INCLUDE_SOURCE;
				MTL_FAST_MATH = YES;
				ONLY_ACTIVE_ARCH = YES;
				SWIFT_ACTIVE_COMPILATION_CONDITIONS = "DEBUG $(inherited)";
				SWIFT_OPTIMIZATION_LEVEL = "-Onone";
			};
			name = Debug;
		};
		1E543B7C2C44CDF400D0C8E0 /* Release */ = {
			isa = XCBuildConfiguration;
			buildSettings = {
				ALWAYS_SEARCH_USER_PATHS = NO;
				ASSETCATALOG_COMPILER_GENERATE_SWIFT_ASSET_SYMBOL_EXTENSIONS = YES;
				CLANG_ANALYZER_NONNULL = YES;
				CLANG_ANALYZER_NUMBER_OBJECT_CONVERSION = YES_AGGRESSIVE;
				CLANG_CXX_LANGUAGE_STANDARD = "gnu++20";
				CLANG_ENABLE_MODULES = YES;
				CLANG_ENABLE_OBJC_ARC = YES;
				CLANG_ENABLE_OBJC_WEAK = YES;
				CLANG_WARN_BLOCK_CAPTURE_AUTORELEASING = YES;
				CLANG_WARN_BOOL_CONVERSION = YES;
				CLANG_WARN_COMMA = YES;
				CLANG_WARN_CONSTANT_CONVERSION = YES;
				CLANG_WARN_DEPRECATED_OBJC_IMPLEMENTATIONS = YES;
				CLANG_WARN_DIRECT_OBJC_ISA_USAGE = YES_ERROR;
				CLANG_WARN_DOCUMENTATION_COMMENTS = YES;
				CLANG_WARN_EMPTY_BODY = YES;
				CLANG_WARN_ENUM_CONVERSION = YES;
				CLANG_WARN_INFINITE_RECURSION = YES;
				CLANG_WARN_INT_CONVERSION = YES;
				CLANG_WARN_NON_LITERAL_NULL_CONVERSION = YES;
				CLANG_WARN_OBJC_IMPLICIT_RETAIN_SELF = YES;
				CLANG_WARN_OBJC_LITERAL_CONVERSION = YES;
				CLANG_WARN_OBJC_ROOT_CLASS = YES_ERROR;
				CLANG_WARN_QUOTED_INCLUDE_IN_FRAMEWORK_HEADER = YES;
				CLANG_WARN_RANGE_LOOP_ANALYSIS = YES;
				CLANG_WARN_STRICT_PROTOTYPES = YES;
				CLANG_WARN_SUSPICIOUS_MOVE = YES;
				CLANG_WARN_UNGUARDED_AVAILABILITY = YES_AGGRESSIVE;
				CLANG_WARN_UNREACHABLE_CODE = YES;
				CLANG_WARN__DUPLICATE_METHOD_MATCH = YES;
				COPY_PHASE_STRIP = NO;
				DEBUG_INFORMATION_FORMAT = "dwarf-with-dsym";
				ENABLE_NS_ASSERTIONS = NO;
				ENABLE_STRICT_OBJC_MSGSEND = YES;
				ENABLE_USER_SCRIPT_SANDBOXING = YES;
				GCC_C_LANGUAGE_STANDARD = gnu17;
				GCC_NO_COMMON_BLOCKS = YES;
				GCC_WARN_64_TO_32_BIT_CONVERSION = YES;
				GCC_WARN_ABOUT_RETURN_TYPE = YES_ERROR;
				GCC_WARN_UNDECLARED_SELECTOR = YES;
				GCC_WARN_UNINITIALIZED_AUTOS = YES_AGGRESSIVE;
				GCC_WARN_UNUSED_FUNCTION = YES;
				GCC_WARN_UNUSED_VARIABLE = YES;
				LOCALIZATION_PREFERS_STRING_CATALOGS = YES;
				MTL_ENABLE_DEBUG_INFO = NO;
				MTL_FAST_MATH = YES;
				SWIFT_COMPILATION_MODE = wholemodule;
			};
			name = Release;
		};
		1E543B7E2C44CDF400D0C8E0 /* Debug */ = {
			isa = XCBuildConfiguration;
			buildSettings = {
				ASSETCATALOG_COMPILER_APPICON_NAME = AppIcon;
				ASSETCATALOG_COMPILER_GLOBAL_ACCENT_COLOR_NAME = AccentColor;
				CODE_SIGN_ENTITLEMENTS = shopping/shopping.entitlements;
				CODE_SIGN_STYLE = Automatic;
				CURRENT_PROJECT_VERSION = 1;
				DEVELOPMENT_ASSET_PATHS = "\"shopping/Preview Content\"";
				DEVELOPMENT_TEAM = MW85GH7AJX;
				ENABLE_HARDENED_RUNTIME = YES;
				ENABLE_PREVIEWS = YES;
				GENERATE_INFOPLIST_FILE = YES;
				"INFOPLIST_KEY_UIApplicationSceneManifest_Generation[sdk=iphoneos*]" = YES;
				"INFOPLIST_KEY_UIApplicationSceneManifest_Generation[sdk=iphonesimulator*]" = YES;
				"INFOPLIST_KEY_UIApplicationSupportsIndirectInputEvents[sdk=iphoneos*]" = YES;
				"INFOPLIST_KEY_UIApplicationSupportsIndirectInputEvents[sdk=iphonesimulator*]" = YES;
				"INFOPLIST_KEY_UILaunchScreen_Generation[sdk=iphoneos*]" = YES;
				"INFOPLIST_KEY_UILaunchScreen_Generation[sdk=iphonesimulator*]" = YES;
				"INFOPLIST_KEY_UIStatusBarStyle[sdk=iphoneos*]" = UIStatusBarStyleDefault;
				"INFOPLIST_KEY_UIStatusBarStyle[sdk=iphonesimulator*]" = UIStatusBarStyleDefault;
				INFOPLIST_KEY_UISupportedInterfaceOrientations_iPad = "UIInterfaceOrientationPortrait UIInterfaceOrientationPortraitUpsideDown UIInterfaceOrientationLandscapeLeft UIInterfaceOrientationLandscapeRight";
				INFOPLIST_KEY_UISupportedInterfaceOrientations_iPhone = "UIInterfaceOrientationPortrait UIInterfaceOrientationLandscapeLeft UIInterfaceOrientationLandscapeRight";
				IPHONEOS_DEPLOYMENT_TARGET = 17.2;
				LD_RUNPATH_SEARCH_PATHS = "@executable_path/Frameworks";
				"LD_RUNPATH_SEARCH_PATHS[sdk=macosx*]" = "@executable_path/../Frameworks";
				MACOSX_DEPLOYMENT_TARGET = 14.2;
				MARKETING_VERSION = 1.0;
				PRODUCT_BUNDLE_IDENTIFIER = com.test.example.com.shopping;
				PRODUCT_NAME = "$(TARGET_NAME)";
				SDKROOT = auto;
				SUPPORTED_PLATFORMS = "iphoneos iphonesimulator macosx";
				SWIFT_EMIT_LOC_STRINGS = YES;
				SWIFT_VERSION = 5.0;
				TARGETED_DEVICE_FAMILY = "1,2";
			};
			name = Debug;
		};
		1E543B7F2C44CDF400D0C8E0 /* Release */ = {
			isa = XCBuildConfiguration;
			buildSettings = {
				ASSETCATALOG_COMPILER_APPICON_NAME = AppIcon;
				ASSETCATALOG_COMPILER_GLOBAL_ACCENT_COLOR_NAME = AccentColor;
				CODE_SIGN_ENTITLEMENTS = shopping/shopping.entitlements;
				CODE_SIGN_STYLE = Automatic;
				CURRENT_PROJECT_VERSION = 1;
				DEVELOPMENT_ASSET_PATHS = "\"shopping/Preview Content\"";
				DEVELOPMENT_TEAM = MW85GH7AJX;
				ENABLE_HARDENED_RUNTIME = YES;
				ENABLE_PREVIEWS = YES;
				GENERATE_INFOPLIST_FILE = YES;
				"INFOPLIST_KEY_UIApplicationSceneManifest_Generation[sdk=iphoneos*]" = YES;
				"INFOPLIST_KEY_UIApplicationSceneManifest_Generation[sdk=iphonesimulator*]" = YES;
				"INFOPLIST_KEY_UIApplicationSupportsIndirectInputEvents[sdk=iphoneos*]" = YES;
				"INFOPLIST_KEY_UIApplicationSupportsIndirectInputEvents[sdk=iphonesimulator*]" = YES;
				"INFOPLIST_KEY_UILaunchScreen_Generation[sdk=iphoneos*]" = YES;
				"INFOPLIST_KEY_UILaunchScreen_Generation[sdk=iphonesimulator*]" = YES;
				"INFOPLIST_KEY_UIStatusBarStyle[sdk=iphoneos*]" = UIStatusBarStyleDefault;
				"INFOPLIST_KEY_UIStatusBarStyle[sdk=iphonesimulator*]" = UIStatusBarStyleDefault;
				INFOPLIST_KEY_UISupportedInterfaceOrientations_iPad = "UIInterfaceOrientationPortrait UIInterfaceOrientationPortraitUpsideDown UIInterfaceOrientationLandscapeLeft UIInterfaceOrientationLandscapeRight";
				INFOPLIST_KEY_UISupportedInterfaceOrientations_iPhone = "UIInterfaceOrientationPortrait UIInterfaceOrientationLandscapeLeft UIInterfaceOrientationLandscapeRight";
				IPHONEOS_DEPLOYMENT_TARGET = 17.2;
				LD_RUNPATH_SEARCH_PATHS = "@executable_path/Frameworks";
				"LD_RUNPATH_SEARCH_PATHS[sdk=macosx*]" = "@executable_path/../Frameworks";
				MACOSX_DEPLOYMENT_TARGET = 14.2;
				MARKETING_VERSION = 1.0;
				PRODUCT_BUNDLE_IDENTIFIER = com.test.example.com.shopping;
				PRODUCT_NAME = "$(TARGET_NAME)";
				SDKROOT = auto;
				SUPPORTED_PLATFORMS = "iphoneos iphonesimulator macosx";
				SWIFT_EMIT_LOC_STRINGS = YES;
				SWIFT_VERSION = 5.0;
				TARGETED_DEVICE_FAMILY = "1,2";
			};
			name = Release;
		};
/* End XCBuildConfiguration section */

/* Begin XCConfigurationList section */
		1E543B692C44CDF300D0C8E0 /* Build configuration list for PBXProject "shopping" */ = {
			isa = XCConfigurationList;
			buildConfigurations = (
				1E543B7B2C44CDF400D0C8E0 /* Debug */,
				1E543B7C2C44CDF400D0C8E0 /* Release */,
			);
			defaultConfigurationIsVisible = 0;
			defaultConfigurationName = Release;
		};
		1E543B7D2C44CDF400D0C8E0 /* Build configuration list for PBXNativeTarget "shopping" */ = {
			isa = XCConfigurationList;
			buildConfigurations = (
				1E543B7E2C44CDF400D0C8E0 /* Debug */,
				1E543B7F2C44CDF400D0C8E0 /* Release */,
			);
			defaultConfigurationIsVisible = 0;
			defaultConfigurationName = Release;
		};
/* End XCConfigurationList section */
	};
	rootObject = 1E543B662C44CDF300D0C8E0 /* Project object */;
}
